
Microsoft Visual Studio Solution File, Format Version 12.00
# Visual Studio Version 16
VisualStudioVersion = 16.0.30320.27
MinimumVisualStudioVersion = 10.0.40219.1
Project("{FAE04EC0-301F-11D3-BF4B-00C04F79EFBC}") = "X_Forms.UWP", "X_Forms\X_Forms.UWP\X_Forms.UWP.csproj", "{66CB7658-F1A6-4FE4-9210-C4F8501F1505}"
EndProject
Project("{FAE04EC0-301F-11D3-BF4B-00C04F79EFBC}") = "X_Forms.Android", "X_Forms\X_Forms.Android\X_Forms.Android.csproj", "{95190FBD-8F6E-4728-9AFC-2A21CA4E02C1}"
EndProject
Project("{FAE04EC0-301F-11D3-BF4B-00C04F79EFBC}") = "X_Forms.iOS", "X_Forms\X_Forms.iOS\X_Forms.iOS.csproj", "{5C311DEB-CCEF-48D5-8D82-F8218006CBB6}"
EndProject
Project("{FAE04EC0-301F-11D3-BF4B-00C04F79EFBC}") = "X_Forms", "X_Forms\X_Forms\X_Forms.csproj", "{FF0FB444-D064-49D1-B36B-A966CBEF4A54}"
EndProject
Global
	GlobalSection(SolutionConfigurationPlatforms) = preSolution
		Debug|Any CPU = Debug|Any CPU
		Debug|ARM = Debug|ARM
		Debug|iPhone = Debug|iPhone
		Debug|iPhoneSimulator = Debug|iPhoneSimulator
		Debug|x64 = Debug|x64
		Debug|x86 = Debug|x86
		Release|Any CPU = Release|Any CPU
		Release|ARM = Release|ARM
		Release|iPhone = Release|iPhone
		Release|iPhoneSimulator = Release|iPhoneSimulator
		Release|x64 = Release|x64
		Release|x86 = Release|x86
	EndGlobalSection
	GlobalSection(ProjectConfigurationPlatforms) = postSolution
		{66CB7658-F1A6-4FE4-9210-C4F8501F1505}.Debug|Any CPU.ActiveCfg = Debug|x86
		{66CB7658-F1A6-4FE4-9210-C4F8501F1505}.Debug|Any CPU.Build.0 = Debug|x86
		{66CB7658-F1A6-4FE4-9210-C4F8501F1505}.Debug|Any CPU.Deploy.0 = Debug|x86
		{66CB7658-F1A6-4FE4-9210-C4F8501F1505}.Debug|ARM.ActiveCfg = Debug|ARM
		{66CB7658-F1A6-4FE4-9210-C4F8501F1505}.Debug|ARM.Build.0 = Debug|ARM
		{66CB7658-F1A6-4FE4-9210-C4F8501F1505}.Debug|ARM.Deploy.0 = Debug|ARM
		{66CB7658-F1A6-4FE4-9210-C4F8501F1505}.Debug|iPhone.ActiveCfg = Debug|x86
		{66CB7658-F1A6-4FE4-9210-C4F8501F1505}.Debug|iPhone.Build.0 = Debug|x86
		{66CB7658-F1A6-4FE4-9210-C4F8501F1505}.Debug|iPhone.Deploy.0 = Debug|x86
		{66CB7658-F1A6-4FE4-9210-C4F8501F1505}.Debug|iPhoneSimulator.ActiveCfg = Debug|x86
		{66CB7658-F1A6-4FE4-9210-C4F8501F1505}.Debug|iPhoneSimulator.Build.0 = Debug|x86
		{66CB7658-F1A6-4FE4-9210-C4F8501F1505}.Debug|iPhoneSimulator.Deploy.0 = Debug|x86
		{66CB7658-F1A6-4FE4-9210-C4F8501F1505}.Debug|x64.ActiveCfg = Debug|x64
		{66CB7658-F1A6-4FE4-9210-C4F8501F1505}.Debug|x64.Build.0 = Debug|x64
		{66CB7658-F1A6-4FE4-9210-C4F8501F1505}.Debug|x64.Deploy.0 = Debug|x64
		{66CB7658-F1A6-4FE4-9210-C4F8501F1505}.Debug|x86.ActiveCfg = Debug|x86
		{66CB7658-F1A6-4FE4-9210-C4F8501F1505}.Debug|x86.Build.0 = Debug|x86
		{66CB7658-F1A6-4FE4-9210-C4F8501F1505}.Debug|x86.Deploy.0 = Debug|x86
		{66CB7658-F1A6-4FE4-9210-C4F8501F1505}.Release|Any CPU.ActiveCfg = Release|x86
		{66CB7658-F1A6-4FE4-9210-C4F8501F1505}.Release|Any CPU.Build.0 = Release|x86
		{66CB7658-F1A6-4FE4-9210-C4F8501F1505}.Release|Any CPU.Deploy.0 = Release|x86
		{66CB7658-F1A6-4FE4-9210-C4F8501F1505}.Release|ARM.ActiveCfg = Release|ARM
		{66CB7658-F1A6-4FE4-9210-C4F8501F1505}.Release|ARM.Build.0 = Release|ARM
		{66CB7658-F1A6-4FE4-9210-C4F8501F1505}.Release|ARM.Deploy.0 = Release|ARM
		{66CB7658-F1A6-4FE4-9210-C4F8501F1505}.Release|iPhone.ActiveCfg = Release|x86
		{66CB7658-F1A6-4FE4-9210-C4F8501F1505}.Release|iPhone.Build.0 = Release|x86
		{66CB7658-F1A6-4FE4-9210-C4F8501F1505}.Release|iPhone.Deploy.0 = Release|x86
		{66CB7658-F1A6-4FE4-9210-C4F8501F1505}.Release|iPhoneSimulator.ActiveCfg = Release|x86
		{66CB7658-F1A6-4FE4-9210-C4F8501F1505}.Release|iPhoneSimulator.Build.0 = Release|x86
		{66CB7658-F1A6-4FE4-9210-C4F8501F1505}.Release|iPhoneSimulator.Deploy.0 = Release|x86
		{66CB7658-F1A6-4FE4-9210-C4F8501F1505}.Release|x64.ActiveCfg = Release|x64
		{66CB7658-F1A6-4FE4-9210-C4F8501F1505}.Release|x64.Build.0 = Release|x64
		{66CB7658-F1A6-4FE4-9210-C4F8501F1505}.Release|x64.Deploy.0 = Release|x64
		{66CB7658-F1A6-4FE4-9210-C4F8501F1505}.Release|x86.ActiveCfg = Release|x86
		{66CB7658-F1A6-4FE4-9210-C4F8501F1505}.Release|x86.Build.0 = Release|x86
		{66CB7658-F1A6-4FE4-9210-C4F8501F1505}.Release|x86.Deploy.0 = Release|x86
		{95190FBD-8F6E-4728-9AFC-2A21CA4E02C1}.Debug|Any CPU.ActiveCfg = Debug|Any CPU
		{95190FBD-8F6E-4728-9AFC-2A21CA4E02C1}.Debug|Any CPU.Build.0 = Debug|Any CPU
		{95190FBD-8F6E-4728-9AFC-2A21CA4E02C1}.Debug|Any CPU.Deploy.0 = Debug|Any CPU
		{95190FBD-8F6E-4728-9AFC-2A21CA4E02C1}.Debug|ARM.ActiveCfg = Debug|Any CPU
		{95190FBD-8F6E-4728-9AFC-2A21CA4E02C1}.Debug|ARM.Build.0 = Debug|Any CPU
		{95190FBD-8F6E-4728-9AFC-2A21CA4E02C1}.Debug|ARM.Deploy.0 = Debug|Any CPU
		{95190FBD-8F6E-4728-9AFC-2A21CA4E02C1}.Debug|iPhone.ActiveCfg = Debug|Any CPU
		{95190FBD-8F6E-4728-9AFC-2A21CA4E02C1}.Debug|iPhone.Build.0 = Debug|Any CPU
		{95190FBD-8F6E-4728-9AFC-2A21CA4E02C1}.Debug|iPhone.Deploy.0 = Debug|Any CPU
		{95190FBD-8F6E-4728-9AFC-2A21CA4E02C1}.Debug|iPhoneSimulator.ActiveCfg = Debug|Any CPU
		{95190FBD-8F6E-4728-9AFC-2A21CA4E02C1}.Debug|iPhoneSimulator.Build.0 = Debug|Any CPU
		{95190FBD-8F6E-4728-9AFC-2A21CA4E02C1}.Debug|iPhoneSimulator.Deploy.0 = Debug|Any CPU
		{95190FBD-8F6E-4728-9AFC-2A21CA4E02C1}.Debug|x64.ActiveCfg = Debug|Any CPU
		{95190FBD-8F6E-4728-9AFC-2A21CA4E02C1}.Debug|x64.Build.0 = Debug|Any CPU
		{95190FBD-8F6E-4728-9AFC-2A21CA4E02C1}.Debug|x64.Deploy.0 = Debug|Any CPU
		{95190FBD-8F6E-4728-9AFC-2A21CA4E02C1}.Debug|x86.ActiveCfg = Debug|Any CPU
		{95190FBD-8F6E-4728-9AFC-2A21CA4E02C1}.Debug|x86.Build.0 = Debug|Any CPU
		{95190FBD-8F6E-4728-9AFC-2A21CA4E02C1}.Debug|x86.Deploy.0 = Debug|Any CPU
		{95190FBD-8F6E-4728-9AFC-2A21CA4E02C1}.Release|Any CPU.ActiveCfg = Release|Any CPU
		{95190FBD-8F6E-4728-9AFC-2A21CA4E02C1}.Release|Any CPU.Build.0 = Release|Any CPU
		{95190FBD-8F6E-4728-9AFC-2A21CA4E02C1}.Release|Any CPU.Deploy.0 = Release|Any CPU
		{95190FBD-8F6E-4728-9AFC-2A21CA4E02C1}.Release|ARM.ActiveCfg = Release|Any CPU
		{95190FBD-8F6E-4728-9AFC-2A21CA4E02C1}.Release|ARM.Build.0 = Release|Any CPU
		{95190FBD-8F6E-4728-9AFC-2A21CA4E02C1}.Release|ARM.Deploy.0 = Release|Any CPU
		{95190FBD-8F6E-4728-9AFC-2A21CA4E02C1}.Release|iPhone.ActiveCfg = Release|Any CPU
		{95190FBD-8F6E-4728-9AFC-2A21CA4E02C1}.Release|iPhone.Build.0 = Release|Any CPU
		{95190FBD-8F6E-4728-9AFC-2A21CA4E02C1}.Release|iPhone.Deploy.0 = Release|Any CPU
		{95190FBD-8F6E-4728-9AFC-2A21CA4E02C1}.Release|iPhoneSimulator.ActiveCfg = Release|Any CPU
		{95190FBD-8F6E-4728-9AFC-2A21CA4E02C1}.Release|iPhoneSimulator.Build.0 = Release|Any CPU
		{95190FBD-8F6E-4728-9AFC-2A21CA4E02C1}.Release|iPhoneSimulator.Deploy.0 = Release|Any CPU
		{95190FBD-8F6E-4728-9AFC-2A21CA4E02C1}.Release|x64.ActiveCfg = Release|Any CPU
		{95190FBD-8F6E-4728-9AFC-2A21CA4E02C1}.Release|x64.Build.0 = Release|Any CPU
		{95190FBD-8F6E-4728-9AFC-2A21CA4E02C1}.Release|x64.Deploy.0 = Release|Any CPU
		{95190FBD-8F6E-4728-9AFC-2A21CA4E02C1}.Release|x86.ActiveCfg = Release|Any CPU
		{95190FBD-8F6E-4728-9AFC-2A21CA4E02C1}.Release|x86.Build.0 = Release|Any CPU
		{95190FBD-8F6E-4728-9AFC-2A21CA4E02C1}.Release|x86.Deploy.0 = Release|Any CPU
		{5C311DEB-CCEF-48D5-8D82-F8218006CBB6}.Debug|Any CPU.ActiveCfg = Debug|iPhone
		{5C311DEB-CCEF-48D5-8D82-F8218006CBB6}.Debug|Any CPU.Build.0 = Debug|iPhone
		{5C311DEB-CCEF-48D5-8D82-F8218006CBB6}.Debug|Any CPU.Deploy.0 = Debug|iPhone
		{5C311DEB-CCEF-48D5-8D82-F8218006CBB6}.Debug|ARM.ActiveCfg = Debug|iPhone
		{5C311DEB-CCEF-48D5-8D82-F8218006CBB6}.Debug|ARM.Build.0 = Debug|iPhone
		{5C311DEB-CCEF-48D5-8D82-F8218006CBB6}.Debug|ARM.Deploy.0 = Debug|iPhone
		{5C311DEB-CCEF-48D5-8D82-F8218006CBB6}.Debug|iPhone.ActiveCfg = Debug|iPhone
		{5C311DEB-CCEF-48D5-8D82-F8218006CBB6}.Debug|iPhone.Build.0 = Debug|iPhone
		{5C311DEB-CCEF-48D5-8D82-F8218006CBB6}.Debug|iPhone.Deploy.0 = Debug|iPhone
		{5C311DEB-CCEF-48D5-8D82-F8218006CBB6}.Debug|iPhoneSimulator.ActiveCfg = Debug|iPhoneSimulator
		{5C311DEB-CCEF-48D5-8D82-F8218006CBB6}.Debug|iPhoneSimulator.Build.0 = Debug|iPhoneSimulator
		{5C311DEB-CCEF-48D5-8D82-F8218006CBB6}.Debug|iPhoneSimulator.Deploy.0 = Debug|iPhoneSimulator
		{5C311DEB-CCEF-48D5-8D82-F8218006CBB6}.Debug|x64.ActiveCfg = Debug|iPhone
		{5C311DEB-CCEF-48D5-8D82-F8218006CBB6}.Debug|x64.Build.0 = Debug|iPhone
		{5C311DEB-CCEF-48D5-8D82-F8218006CBB6}.Debug|x64.Deploy.0 = Debug|iPhone
		{5C311DEB-CCEF-48D5-8D82-F8218006CBB6}.Debug|x86.ActiveCfg = Debug|iPhone
		{5C311DEB-CCEF-48D5-8D82-F8218006CBB6}.Debug|x86.Build.0 = Debug|iPhone
		{5C311DEB-CCEF-48D5-8D82-F8218006CBB6}.Debug|x86.Deploy.0 = Debug|iPhone
		{5C311DEB-CCEF-48D5-8D82-F8218006CBB6}.Release|Any CPU.ActiveCfg = Release|iPhone
		{5C311DEB-CCEF-48D5-8D82-F8218006CBB6}.Release|Any CPU.Build.0 = Release|iPhone
		{5C311DEB-CCEF-48D5-8D82-F8218006CBB6}.Release|Any CPU.Deploy.0 = Release|iPhone
		{5C311DEB-CCEF-48D5-8D82-F8218006CBB6}.Release|ARM.ActiveCfg = Release|iPhone
		{5C311DEB-CCEF-48D5-8D82-F8218006CBB6}.Release|ARM.Build.0 = Release|iPhone
		{5C311DEB-CCEF-48D5-8D82-F8218006CBB6}.Release|ARM.Deploy.0 = Release|iPhone
		{5C311DEB-CCEF-48D5-8D82-F8218006CBB6}.Release|iPhone.ActiveCfg = Release|iPhone
		{5C311DEB-CCEF-48D5-8D82-F8218006CBB6}.Release|iPhone.Build.0 = Release|iPhone
		{5C311DEB-CCEF-48D5-8D82-F8218006CBB6}.Release|iPhone.Deploy.0 = Release|iPhone
		{5C311DEB-CCEF-48D5-8D82-F8218006CBB6}.Release|iPhoneSimulator.ActiveCfg = Release|iPhoneSimulator
		{5C311DEB-CCEF-48D5-8D82-F8218006CBB6}.Release|iPhoneSimulator.Build.0 = Release|iPhoneSimulator
		{5C311DEB-CCEF-48D5-8D82-F8218006CBB6}.Release|iPhoneSimulator.Deploy.0 = Release|iPhoneSimulator
		{5C311DEB-CCEF-48D5-8D82-F8218006CBB6}.Release|x64.ActiveCfg = Release|iPhone
		{5C311DEB-CCEF-48D5-8D82-F8218006CBB6}.Release|x64.Build.0 = Release|iPhone
		{5C311DEB-CCEF-48D5-8D82-F8218006CBB6}.Release|x64.Deploy.0 = Release|iPhone
		{5C311DEB-CCEF-48D5-8D82-F8218006CBB6}.Release|x86.ActiveCfg = Release|iPhone
		{5C311DEB-CCEF-48D5-8D82-F8218006CBB6}.Release|x86.Build.0 = Release|iPhone
		{5C311DEB-CCEF-48D5-8D82-F8218006CBB6}.Release|x86.Deploy.0 = Release|iPhone
		{FF0FB444-D064-49D1-B36B-A966CBEF4A54}.Debug|Any CPU.ActiveCfg = Debug|Any CPU
		{FF0FB444-D064-49D1-B36B-A966CBEF4A54}.Debug|Any CPU.Build.0 = Debug|Any CPU
		{FF0FB444-D064-49D1-B36B-A966CBEF4A54}.Debug|Any CPU.Deploy.0 = Debug|Any CPU
		{FF0FB444-D064-49D1-B36B-A966CBEF4A54}.Debug|ARM.ActiveCfg = Debug|Any CPU
		{FF0FB444-D064-49D1-B36B-A966CBEF4A54}.Debug|ARM.Build.0 = Debug|Any CPU
		{FF0FB444-D064-49D1-B36B-A966CBEF4A54}.Debug|ARM.Deploy.0 = Debug|Any CPU
		{FF0FB444-D064-49D1-B36B-A966CBEF4A54}.Debug|iPhone.ActiveCfg = Debug|Any CPU
		{FF0FB444-D064-49D1-B36B-A966CBEF4A54}.Debug|iPhone.Build.0 = Debug|Any CPU
		{FF0FB444-D064-49D1-B36B-A966CBEF4A54}.Debug|iPhone.Deploy.0 = Debug|Any CPU
		{FF0FB444-D064-49D1-B36B-A966CBEF4A54}.Debug|iPhoneSimulator.ActiveCfg = Debug|Any CPU
		{FF0FB444-D064-49D1-B36B-A966CBEF4A54}.Debug|iPhoneSimulator.Build.0 = Debug|Any CPU
		{FF0FB444-D064-49D1-B36B-A966CBEF4A54}.Debug|iPhoneSimulator.Deploy.0 = Debug|Any CPU
		{FF0FB444-D064-49D1-B36B-A966CBEF4A54}.Debug|x64.ActiveCfg = Debug|Any CPU
		{FF0FB444-D064-49D1-B36B-A966CBEF4A54}.Debug|x64.Build.0 = Debug|Any CPU
		{FF0FB444-D064-49D1-B36B-A966CBEF4A54}.Debug|x64.Deploy.0 = Debug|Any CPU
		{FF0FB444-D064-49D1-B36B-A966CBEF4A54}.Debug|x86.ActiveCfg = Debug|Any CPU
		{FF0FB444-D064-49D1-B36B-A966CBEF4A54}.Debug|x86.Build.0 = Debug|Any CPU
		{FF0FB444-D064-49D1-B36B-A966CBEF4A54}.Debug|x86.Deploy.0 = Debug|Any CPU
		{FF0FB444-D064-49D1-B36B-A966CBEF4A54}.Release|Any CPU.ActiveCfg = Release|Any CPU
		{FF0FB444-D064-49D1-B36B-A966CBEF4A54}.Release|Any CPU.Build.0 = Release|Any CPU
		{FF0FB444-D064-49D1-B36B-A966CBEF4A54}.Release|Any CPU.Deploy.0 = Release|Any CPU
		{FF0FB444-D064-49D1-B36B-A966CBEF4A54}.Release|ARM.ActiveCfg = Release|Any CPU
		{FF0FB444-D064-49D1-B36B-A966CBEF4A54}.Release|ARM.Build.0 = Release|Any CPU
		{FF0FB444-D064-49D1-B36B-A966CBEF4A54}.Release|ARM.Deploy.0 = Release|Any CPU
		{FF0FB444-D064-49D1-B36B-A966CBEF4A54}.Release|iPhone.ActiveCfg = Release|Any CPU
		{FF0FB444-D064-49D1-B36B-A966CBEF4A54}.Release|iPhone.Build.0 = Release|Any CPU
		{FF0FB444-D064-49D1-B36B-A966CBEF4A54}.Release|iPhone.Deploy.0 = Release|Any CPU
		{FF0FB444-D064-49D1-B36B-A966CBEF4A54}.Release|iPhoneSimulator.ActiveCfg = Release|Any CPU
		{FF0FB444-D064-49D1-B36B-A966CBEF4A54}.Release|iPhoneSimulator.Build.0 = Release|Any CPU
		{FF0FB444-D064-49D1-B36B-A966CBEF4A54}.Release|iPhoneSimulator.Deploy.0 = Release|Any CPU
		{FF0FB444-D064-49D1-B36B-A966CBEF4A54}.Release|x64.ActiveCfg = Release|Any CPU
		{FF0FB444-D064-49D1-B36B-A966CBEF4A54}.Release|x64.Build.0 = Release|Any CPU
		{FF0FB444-D064-49D1-B36B-A966CBEF4A54}.Release|x64.Deploy.0 = Release|Any CPU
		{FF0FB444-D064-49D1-B36B-A966CBEF4A54}.Release|x86.ActiveCfg = Release|Any CPU
		{FF0FB444-D064-49D1-B36B-A966CBEF4A54}.Release|x86.Build.0 = Release|Any CPU
		{FF0FB444-D064-49D1-B36B-A966CBEF4A54}.Release|x86.Deploy.0 = Release|Any CPU
	EndGlobalSection
	GlobalSection(SolutionProperties) = preSolution
		HideSolutionNode = FALSE
	EndGlobalSection
	GlobalSection(ExtensibilityGlobals) = postSolution
		SolutionGuid = {94DF6EF5-EBE5-4A18-9DBB-D7CCDD41356B}
	EndGlobalSection
EndGlobal
